
Microsoft Visual Studio Solution File, Format Version 12.00
# Visual Studio Version 17
VisualStudioVersion = 17.4.33122.133
MinimumVisualStudioVersion = 10.0.40219.1
Project("{FAE04EC0-301F-11D3-BF4B-00C04F79EFBC}") = "MVCApplication", "MVCApplication.csproj", "{03975D8F-5890-415A-9EC9-7B756974CD2F}"
EndProject
Global
	GlobalSection(SolutionConfigurationPlatforms) = preSolution
		Debug|Any CPU = Debug|Any CPU
		Release|Any CPU = Release|Any CPU
	EndGlobalSection
	GlobalSection(ProjectConfigurationPlatforms) = postSolution
		{03975D8F-5890-415A-9EC9-7B756974CD2F}.Debug|Any CPU.ActiveCfg = Debug|Any CPU
		{03975D8F-5890-415A-9EC9-7B756974CD2F}.Debug|Any CPU.Build.0 = Debug|Any CPU
		{03975D8F-5890-415A-9EC9-7B756974CD2F}.Release|Any CPU.ActiveCfg = Release|Any CPU
		{03975D8F-5890-415A-9EC9-7B756974CD2F}.Release|Any CPU.Build.0 = Release|Any CPU
	EndGlobalSection
	GlobalSection(SolutionProperties) = preSolution
		HideSolutionNode = FALSE
	EndGlobalSection
	GlobalSection(ExtensibilityGlobals) = postSolution
		SolutionGuid = {BB0C7FA0-9060-45D1-A590-FCBE326D949F}
	EndGlobalSection
EndGlobal
